
Microsoft Visual Studio Solution File, Format Version 12.00
# Visual Studio Version 16
VisualStudioVersion = 16.0.29209.62
MinimumVisualStudioVersion = 10.0.40219.1
Project("{2150E333-8FDC-42A3-9474-1A3956D46DE8}") = "Core", "Core", "{0807CDCF-26FB-4E3C-9BEA-4E4D0D5F23FB}"
EndProject
Project("{2150E333-8FDC-42A3-9474-1A3956D46DE8}") = "DataAccess", "DataAccess", "{5CA40D4F-371B-40CA-A1A5-D898989373B6}"
EndProject
Project("{2150E333-8FDC-42A3-9474-1A3956D46DE8}") = "Contract", "Contract", "{0878C08F-8CBC-4B44-9234-289CF3F9D4FC}"
EndProject
Project("{2150E333-8FDC-42A3-9474-1A3956D46DE8}") = "Presentation", "Presentation", "{AEFA8FA8-5954-4537-A92C-230634E458DE}"
EndProject
Project("{2150E333-8FDC-42A3-9474-1A3956D46DE8}") = "Service", "Service", "{50514882-3EBF-4C3A-88F1-617D47F97372}"
EndProject
Project("{FAE04EC0-301F-11D3-BF4B-00C04F79EFBC}") = "Fitnesspro.Contract", "Fitnesspro.Contract\Fitnesspro.Contract.csproj", "{E547AAA0-F171-4F94-B010-8560BD716C33}"
EndProject
Project("{FAE04EC0-301F-11D3-BF4B-00C04F79EFBC}") = "Fitnesspro.Core", "Fitnesspro.Core\Fitnesspro.Core.csproj", "{AD7F4769-FAAC-41CE-AE3E-E119F18A7BFA}"
EndProject
Project("{FAE04EC0-301F-11D3-BF4B-00C04F79EFBC}") = "Fitnesspro.DataAccess", "Fitnesspro.DataAccess\Fitnesspro.DataAccess.csproj", "{1C798B65-E6A1-4D13-A3C5-14A8C87980E4}"
EndProject
Project("{FAE04EC0-301F-11D3-BF4B-00C04F79EFBC}") = "Fitnesspro.Web", "Fitnesspro.Web\Fitnesspro.Web.csproj", "{D2B42972-7D11-4C42-8F72-1F23D22264F6}"
EndProject
Project("{FAE04EC0-301F-11D3-BF4B-00C04F79EFBC}") = "Fitnesspro.Web.Tests", "Fitnesspro.Web.Tests\Fitnesspro.Web.Tests.csproj", "{21AEFBA4-7D6C-4FF6-A33E-87908B618BF3}"
EndProject
Project("{FAE04EC0-301F-11D3-BF4B-00C04F79EFBC}") = "Fitnesspro.Service", "Fitnesspro.Service\Fitnesspro.Service.csproj", "{868AFB8F-23B3-4255-BAD6-2B783468E9F6}"
EndProject
Project("{FAE04EC0-301F-11D3-BF4B-00C04F79EFBC}") = "Fitnesspro.Service.Tests", "Fitnesspro.Service.Tests\Fitnesspro.Service.Tests.csproj", "{B58A91EF-55E6-4E28-9EA8-C34BD45E4121}"
EndProject
Project("{2150E333-8FDC-42A3-9474-1A3956D46DE8}") = "Repository", "Repository", "{CB7D6214-3204-41CB-8EC3-B5F2CB910A39}"
EndProject
Project("{FAE04EC0-301F-11D3-BF4B-00C04F79EFBC}") = "Fitnesspro.Repository", "Fitnesspro.Repository\Fitnesspro.Repository.csproj", "{0D4C8432-D038-40ED-9804-A6B916DF2F76}"
EndProject
Global
	GlobalSection(SolutionConfigurationPlatforms) = preSolution
		Debug|Any CPU = Debug|Any CPU
		Release|Any CPU = Release|Any CPU
	EndGlobalSection
	GlobalSection(ProjectConfigurationPlatforms) = postSolution
		{E547AAA0-F171-4F94-B010-8560BD716C33}.Debug|Any CPU.ActiveCfg = Debug|Any CPU
		{E547AAA0-F171-4F94-B010-8560BD716C33}.Debug|Any CPU.Build.0 = Debug|Any CPU
		{E547AAA0-F171-4F94-B010-8560BD716C33}.Release|Any CPU.ActiveCfg = Release|Any CPU
		{E547AAA0-F171-4F94-B010-8560BD716C33}.Release|Any CPU.Build.0 = Release|Any CPU
		{AD7F4769-FAAC-41CE-AE3E-E119F18A7BFA}.Debug|Any CPU.ActiveCfg = Debug|Any CPU
		{AD7F4769-FAAC-41CE-AE3E-E119F18A7BFA}.Debug|Any CPU.Build.0 = Debug|Any CPU
		{AD7F4769-FAAC-41CE-AE3E-E119F18A7BFA}.Release|Any CPU.ActiveCfg = Release|Any CPU
		{AD7F4769-FAAC-41CE-AE3E-E119F18A7BFA}.Release|Any CPU.Build.0 = Release|Any CPU
		{1C798B65-E6A1-4D13-A3C5-14A8C87980E4}.Debug|Any CPU.ActiveCfg = Debug|Any CPU
		{1C798B65-E6A1-4D13-A3C5-14A8C87980E4}.Debug|Any CPU.Build.0 = Debug|Any CPU
		{1C798B65-E6A1-4D13-A3C5-14A8C87980E4}.Release|Any CPU.ActiveCfg = Release|Any CPU
		{1C798B65-E6A1-4D13-A3C5-14A8C87980E4}.Release|Any CPU.Build.0 = Release|Any CPU
		{D2B42972-7D11-4C42-8F72-1F23D22264F6}.Debug|Any CPU.ActiveCfg = Debug|Any CPU
		{D2B42972-7D11-4C42-8F72-1F23D22264F6}.Debug|Any CPU.Build.0 = Debug|Any CPU
		{D2B42972-7D11-4C42-8F72-1F23D22264F6}.Release|Any CPU.ActiveCfg = Release|Any CPU
		{D2B42972-7D11-4C42-8F72-1F23D22264F6}.Release|Any CPU.Build.0 = Release|Any CPU
		{21AEFBA4-7D6C-4FF6-A33E-87908B618BF3}.Debug|Any CPU.ActiveCfg = Debug|Any CPU
		{21AEFBA4-7D6C-4FF6-A33E-87908B618BF3}.Debug|Any CPU.Build.0 = Debug|Any CPU
		{21AEFBA4-7D6C-4FF6-A33E-87908B618BF3}.Release|Any CPU.ActiveCfg = Release|Any CPU
		{21AEFBA4-7D6C-4FF6-A33E-87908B618BF3}.Release|Any CPU.Build.0 = Release|Any CPU
		{868AFB8F-23B3-4255-BAD6-2B783468E9F6}.Debug|Any CPU.ActiveCfg = Debug|Any CPU
		{868AFB8F-23B3-4255-BAD6-2B783468E9F6}.Debug|Any CPU.Build.0 = Debug|Any CPU
		{868AFB8F-23B3-4255-BAD6-2B783468E9F6}.Release|Any CPU.ActiveCfg = Release|Any CPU
		{868AFB8F-23B3-4255-BAD6-2B783468E9F6}.Release|Any CPU.Build.0 = Release|Any CPU
		{B58A91EF-55E6-4E28-9EA8-C34BD45E4121}.Debug|Any CPU.ActiveCfg = Debug|Any CPU
		{B58A91EF-55E6-4E28-9EA8-C34BD45E4121}.Debug|Any CPU.Build.0 = Debug|Any CPU
		{B58A91EF-55E6-4E28-9EA8-C34BD45E4121}.Release|Any CPU.ActiveCfg = Release|Any CPU
		{B58A91EF-55E6-4E28-9EA8-C34BD45E4121}.Release|Any CPU.Build.0 = Release|Any CPU
		{0D4C8432-D038-40ED-9804-A6B916DF2F76}.Debug|Any CPU.ActiveCfg = Debug|Any CPU
		{0D4C8432-D038-40ED-9804-A6B916DF2F76}.Debug|Any CPU.Build.0 = Debug|Any CPU
		{0D4C8432-D038-40ED-9804-A6B916DF2F76}.Release|Any CPU.ActiveCfg = Release|Any CPU
		{0D4C8432-D038-40ED-9804-A6B916DF2F76}.Release|Any CPU.Build.0 = Release|Any CPU
	EndGlobalSection
	GlobalSection(SolutionProperties) = preSolution
		HideSolutionNode = FALSE
	EndGlobalSection
	GlobalSection(NestedProjects) = preSolution
		{E547AAA0-F171-4F94-B010-8560BD716C33} = {0878C08F-8CBC-4B44-9234-289CF3F9D4FC}
		{AD7F4769-FAAC-41CE-AE3E-E119F18A7BFA} = {0807CDCF-26FB-4E3C-9BEA-4E4D0D5F23FB}
		{1C798B65-E6A1-4D13-A3C5-14A8C87980E4} = {5CA40D4F-371B-40CA-A1A5-D898989373B6}
		{D2B42972-7D11-4C42-8F72-1F23D22264F6} = {AEFA8FA8-5954-4537-A92C-230634E458DE}
		{21AEFBA4-7D6C-4FF6-A33E-87908B618BF3} = {AEFA8FA8-5954-4537-A92C-230634E458DE}
		{868AFB8F-23B3-4255-BAD6-2B783468E9F6} = {50514882-3EBF-4C3A-88F1-617D47F97372}
		{B58A91EF-55E6-4E28-9EA8-C34BD45E4121} = {50514882-3EBF-4C3A-88F1-617D47F97372}
		{0D4C8432-D038-40ED-9804-A6B916DF2F76} = {CB7D6214-3204-41CB-8EC3-B5F2CB910A39}
	EndGlobalSection
	GlobalSection(ExtensibilityGlobals) = postSolution
		SolutionGuid = {A45FD1B4-627E-49EC-9995-7B36E20E799A}
	EndGlobalSection
EndGlobal
